{
  "name": "@derkatzelp/cssorganizer",
  "version": "2.1.0",
  "lockfileVersion": 3,
  "requires": true,
  "packages": {
    "": {
      "name": "@derkatzelp/cssorganizer",
      "version": "2.1.0",
      "license": "MIT",
      "bin": {
        "css-organizer": "bin/run-css-organizer.js"
      }
    }
  }
}
